
Terraform used the selected providers to generate the following execution
plan. Resource actions are indicated with the following symbols:
  [32m+[0m create[0m

Terraform will perform the following actions:

[1m  # docker_container.haproxy[0m will be created
[0m  [32m+[0m[0m resource "docker_container" "haproxy" {
      [32m+[0m[0m attach                                      = false
      [32m+[0m[0m bridge                                      = (known after apply)
      [32m+[0m[0m command                                     = (known after apply)
      [32m+[0m[0m container_logs                              = (known after apply)
      [32m+[0m[0m container_read_refresh_timeout_milliseconds = 15000
      [32m+[0m[0m entrypoint                                  = (known after apply)
      [32m+[0m[0m env                                         = (known after apply)
      [32m+[0m[0m exit_code                                   = (known after apply)
      [32m+[0m[0m gateway                                     = (known after apply)
      [32m+[0m[0m hostname                                    = (known after apply)
      [32m+[0m[0m id                                          = (known after apply)
      [32m+[0m[0m image                                       = "haproxy:latest"
      [32m+[0m[0m init                                        = (known after apply)
      [32m+[0m[0m ip_address                                  = (known after apply)
      [32m+[0m[0m ip_prefix_length                            = (known after apply)
      [32m+[0m[0m ipc_mode                                    = (known after apply)
      [32m+[0m[0m log_driver                                  = (known after apply)
      [32m+[0m[0m logs                                        = false
      [32m+[0m[0m must_run                                    = true
      [32m+[0m[0m name                                        = "haproxy"
      [32m+[0m[0m network_data                                = (known after apply)
      [32m+[0m[0m read_only                                   = false
      [32m+[0m[0m remove_volumes                              = true
      [32m+[0m[0m restart                                     = "no"
      [32m+[0m[0m rm                                          = false
      [32m+[0m[0m runtime                                     = (known after apply)
      [32m+[0m[0m security_opts                               = (known after apply)
      [32m+[0m[0m shm_size                                    = (known after apply)
      [32m+[0m[0m start                                       = true
      [32m+[0m[0m stdin_open                                  = false
      [32m+[0m[0m stop_signal                                 = (known after apply)
      [32m+[0m[0m stop_timeout                                = (known after apply)
      [32m+[0m[0m tty                                         = false
      [32m+[0m[0m wait                                        = false
      [32m+[0m[0m wait_timeout                                = 60

      [32m+[0m[0m healthcheck (known after apply)

      [32m+[0m[0m labels (known after apply)

      [32m+[0m[0m networks_advanced {
          [32m+[0m[0m aliases      = []
          [32m+[0m[0m name         = "shared_net"
            [90m# (2 unchanged attributes hidden)[0m[0m
        }

      [32m+[0m[0m ports {
          [32m+[0m[0m external = 1433
          [32m+[0m[0m internal = 1433
          [32m+[0m[0m ip       = "0.0.0.0"
          [32m+[0m[0m protocol = "tcp"
        }

      [32m+[0m[0m volumes {
          [32m+[0m[0m container_path = "/usr/local/etc/haproxy/"
          [32m+[0m[0m host_path      = "/Volume/Docker/haproxy_data/conf/"
          [32m+[0m[0m read_only      = true
            [90m# (2 unchanged attributes hidden)[0m[0m
        }
    }

[1m  # docker_container.mssql_primary[0m will be created
[0m  [32m+[0m[0m resource "docker_container" "mssql_primary" {
      [32m+[0m[0m attach                                      = false
      [32m+[0m[0m bridge                                      = (known after apply)
      [32m+[0m[0m command                                     = (known after apply)
      [32m+[0m[0m container_logs                              = (known after apply)
      [32m+[0m[0m container_read_refresh_timeout_milliseconds = 15000
      [32m+[0m[0m entrypoint                                  = (known after apply)
      [32m+[0m[0m env                                         = [
          [32m+[0m[0m "ACCEPT_EULA=Y",
          [32m+[0m[0m "INIT_WAIT=0",
          [32m+[0m[0m "MSSQL_AGENT_ENABLED=true",
          [32m+[0m[0m "MSSQL_ENABLE_HADR=1",
          [32m+[0m[0m "SA_PASSWORD=YourStrongPassw0rd",
        ]
      [32m+[0m[0m exit_code                                   = (known after apply)
      [32m+[0m[0m gateway                                     = (known after apply)
      [32m+[0m[0m hostname                                    = "mssql_primary"
      [32m+[0m[0m id                                          = (known after apply)
      [32m+[0m[0m image                                       = "mcr.microsoft.com/mssql/server:2022-latest"
      [32m+[0m[0m init                                        = (known after apply)
      [32m+[0m[0m ip_address                                  = (known after apply)
      [32m+[0m[0m ip_prefix_length                            = (known after apply)
      [32m+[0m[0m ipc_mode                                    = (known after apply)
      [32m+[0m[0m log_driver                                  = (known after apply)
      [32m+[0m[0m logs                                        = false
      [32m+[0m[0m must_run                                    = true
      [32m+[0m[0m name                                        = "mssql_primary"
      [32m+[0m[0m network_data                                = (known after apply)
      [32m+[0m[0m read_only                                   = false
      [32m+[0m[0m remove_volumes                              = true
      [32m+[0m[0m restart                                     = "no"
      [32m+[0m[0m rm                                          = false
      [32m+[0m[0m runtime                                     = (known after apply)
      [32m+[0m[0m security_opts                               = (known after apply)
      [32m+[0m[0m shm_size                                    = (known after apply)
      [32m+[0m[0m start                                       = true
      [32m+[0m[0m stdin_open                                  = false
      [32m+[0m[0m stop_signal                                 = (known after apply)
      [32m+[0m[0m stop_timeout                                = (known after apply)
      [32m+[0m[0m tty                                         = false
      [32m+[0m[0m wait                                        = false
      [32m+[0m[0m wait_timeout                                = 60

      [32m+[0m[0m healthcheck (known after apply)

      [32m+[0m[0m labels (known after apply)

      [32m+[0m[0m mounts {
          [32m+[0m[0m source = "mssql-server-backup"
          [32m+[0m[0m target = "/var/opt/mssql/backup"
          [32m+[0m[0m type   = "volume"
        }
      [32m+[0m[0m mounts {
          [32m+[0m[0m source = "mssql-server-shared"
          [32m+[0m[0m target = "/var/opt/mssql/shared"
          [32m+[0m[0m type   = "volume"
        }

      [32m+[0m[0m networks_advanced {
          [32m+[0m[0m aliases      = []
          [32m+[0m[0m name         = "shared_net"
            [90m# (2 unchanged attributes hidden)[0m[0m
        }

      [32m+[0m[0m ports {
          [32m+[0m[0m external = 14331
          [32m+[0m[0m internal = 1433
          [32m+[0m[0m ip       = "0.0.0.0"
          [32m+[0m[0m protocol = "tcp"
        }

      [32m+[0m[0m volumes {
          [32m+[0m[0m container_path = "/setup-primary.sh"
          [32m+[0m[0m host_path      = "/Volume/Docker/haproxy_data/conf/setup-primary.sh"
          [32m+[0m[0m read_only      = true
            [90m# (2 unchanged attributes hidden)[0m[0m
        }
    }

[1m  # docker_container.mssql_secondary[0m will be created
[0m  [32m+[0m[0m resource "docker_container" "mssql_secondary" {
      [32m+[0m[0m attach                                      = false
      [32m+[0m[0m bridge                                      = (known after apply)
      [32m+[0m[0m command                                     = (known after apply)
      [32m+[0m[0m container_logs                              = (known after apply)
      [32m+[0m[0m container_read_refresh_timeout_milliseconds = 15000
      [32m+[0m[0m entrypoint                                  = (known after apply)
      [32m+[0m[0m env                                         = [
          [32m+[0m[0m "ACCEPT_EULA=Y",
          [32m+[0m[0m "INIT_WAIT=0",
          [32m+[0m[0m "MSSQL_AGENT_ENABLED=true",
          [32m+[0m[0m "MSSQL_ENABLE_HADR=1",
          [32m+[0m[0m "SA_PASSWORD=YourStrongPassw0rd",
        ]
      [32m+[0m[0m exit_code                                   = (known after apply)
      [32m+[0m[0m gateway                                     = (known after apply)
      [32m+[0m[0m hostname                                    = "mssql_secondary"
      [32m+[0m[0m id                                          = (known after apply)
      [32m+[0m[0m image                                       = "mcr.microsoft.com/mssql/server:2022-latest"
      [32m+[0m[0m init                                        = (known after apply)
      [32m+[0m[0m ip_address                                  = (known after apply)
      [32m+[0m[0m ip_prefix_length                            = (known after apply)
      [32m+[0m[0m ipc_mode                                    = (known after apply)
      [32m+[0m[0m log_driver                                  = (known after apply)
      [32m+[0m[0m logs                                        = false
      [32m+[0m[0m must_run                                    = true
      [32m+[0m[0m name                                        = "mssql_secondary"
      [32m+[0m[0m network_data                                = (known after apply)
      [32m+[0m[0m read_only                                   = false
      [32m+[0m[0m remove_volumes                              = true
      [32m+[0m[0m restart                                     = "no"
      [32m+[0m[0m rm                                          = false
      [32m+[0m[0m runtime                                     = (known after apply)
      [32m+[0m[0m security_opts                               = (known after apply)
      [32m+[0m[0m shm_size                                    = (known after apply)
      [32m+[0m[0m start                                       = true
      [32m+[0m[0m stdin_open                                  = false
      [32m+[0m[0m stop_signal                                 = (known after apply)
      [32m+[0m[0m stop_timeout                                = (known after apply)
      [32m+[0m[0m tty                                         = false
      [32m+[0m[0m wait                                        = false
      [32m+[0m[0m wait_timeout                                = 60

      [32m+[0m[0m healthcheck (known after apply)

      [32m+[0m[0m labels (known after apply)

      [32m+[0m[0m mounts {
          [32m+[0m[0m source = "mssql-server-backup"
          [32m+[0m[0m target = "/var/opt/mssql/backup"
          [32m+[0m[0m type   = "volume"
        }
      [32m+[0m[0m mounts {
          [32m+[0m[0m source = "mssql-server-shared"
          [32m+[0m[0m target = "/var/opt/mssql/shared"
          [32m+[0m[0m type   = "volume"
        }

      [32m+[0m[0m networks_advanced {
          [32m+[0m[0m aliases      = []
          [32m+[0m[0m name         = "shared_net"
            [90m# (2 unchanged attributes hidden)[0m[0m
        }

      [32m+[0m[0m ports {
          [32m+[0m[0m external = 14332
          [32m+[0m[0m internal = 1433
          [32m+[0m[0m ip       = "0.0.0.0"
          [32m+[0m[0m protocol = "tcp"
        }

      [32m+[0m[0m volumes {
          [32m+[0m[0m container_path = "/setup-secondary.sh"
          [32m+[0m[0m host_path      = "/Volume/Docker/haproxy_data/conf/setup-secondary.sh"
          [32m+[0m[0m read_only      = true
            [90m# (2 unchanged attributes hidden)[0m[0m
        }
    }

[1m  # docker_image.haproxy[0m will be created
[0m  [32m+[0m[0m resource "docker_image" "haproxy" {
      [32m+[0m[0m id          = (known after apply)
      [32m+[0m[0m image_id    = (known after apply)
      [32m+[0m[0m latest      = (known after apply)
      [32m+[0m[0m name        = "haproxy:latest"
      [32m+[0m[0m output      = (known after apply)
      [32m+[0m[0m repo_digest = (known after apply)
    }

[1m  # docker_network.shared_net[0m will be created
[0m  [32m+[0m[0m resource "docker_network" "shared_net" {
      [32m+[0m[0m driver      = (known after apply)
      [32m+[0m[0m id          = (known after apply)
      [32m+[0m[0m internal    = (known after apply)
      [32m+[0m[0m ipam_driver = "default"
      [32m+[0m[0m name        = "shared_net"
      [32m+[0m[0m options     = (known after apply)
      [32m+[0m[0m scope       = (known after apply)

      [32m+[0m[0m ipam_config (known after apply)
    }

[1m  # docker_volume.mssql_server_backup[0m will be created
[0m  [32m+[0m[0m resource "docker_volume" "mssql_server_backup" {
      [32m+[0m[0m driver     = (known after apply)
      [32m+[0m[0m id         = (known after apply)
      [32m+[0m[0m mountpoint = (known after apply)
      [32m+[0m[0m name       = "mssql-server-backup"
    }

[1m  # docker_volume.mssql_server_shared[0m will be created
[0m  [32m+[0m[0m resource "docker_volume" "mssql_server_shared" {
      [32m+[0m[0m driver     = (known after apply)
      [32m+[0m[0m id         = (known after apply)
      [32m+[0m[0m mountpoint = (known after apply)
      [32m+[0m[0m name       = "mssql-server-shared"
    }

[1m  # null_resource.copy_script_haproxy[0m will be created
[0m  [32m+[0m[0m resource "null_resource" "copy_script_haproxy" {
      [32m+[0m[0m id       = (known after apply)
      [32m+[0m[0m triggers = {
          [32m+[0m[0m "script_hash" = "cdbcabffeb8dcd7a4a6d793355184b4293f140927fa74bef932ca3f8e6cf9de4"
        }
    }

[1m  # null_resource.copy_setup_primary[0m will be created
[0m  [32m+[0m[0m resource "null_resource" "copy_setup_primary" {
      [32m+[0m[0m id       = (known after apply)
      [32m+[0m[0m triggers = {
          [32m+[0m[0m "script_hash" = "0f7fea00f71ce77acf7524c9a0e24ecbc8b15b32fdba66ade9a414ad95577daa"
        }
    }

[1m  # null_resource.copy_setup_secondary[0m will be created
[0m  [32m+[0m[0m resource "null_resource" "copy_setup_secondary" {
      [32m+[0m[0m id       = (known after apply)
      [32m+[0m[0m triggers = {
          [32m+[0m[0m "script_hash" = "a45acf58315daf63c3c4ccb57aedfc52a56892d570015c2c9c555bb9f01c268c"
        }
    }

[1m  # null_resource.setup_primary[0m will be created
[0m  [32m+[0m[0m resource "null_resource" "setup_primary" {
      [32m+[0m[0m id = (known after apply)
    }

[1m  # null_resource.setup_secondary[0m will be created
[0m  [32m+[0m[0m resource "null_resource" "setup_secondary" {
      [32m+[0m[0m id = (known after apply)
    }

[1mPlan:[0m 12 to add, 0 to change, 0 to destroy.
[0m
Changes to Outputs:
  [32m+[0m[0m haproxy_listener = (known after apply)
[0m[1mnull_resource.copy_setup_primary: Creating...[0m[0m
[0m[1mnull_resource.copy_setup_secondary: Creating...[0m[0m
[0m[1mnull_resource.copy_script_haproxy: Creating...[0m[0m
[0m[1mnull_resource.copy_setup_secondary: Provisioning with 'file'...[0m[0m
[0m[1mnull_resource.copy_script_haproxy: Provisioning with 'file'...[0m[0m
[0m[1mnull_resource.copy_setup_primary: Provisioning with 'file'...[0m[0m
[0m[1mdocker_volume.mssql_server_backup: Creating...[0m[0m
[0m[1mdocker_volume.mssql_server_shared: Creating...[0m[0m
[0m[1mdocker_network.shared_net: Creating...[0m[0m
[0m[1mdocker_image.haproxy: Creating...[0m[0m
[0m[1mnull_resource.copy_script_haproxy: Creation complete after 0s [id=3413260985914631677][0m
[0m[1mnull_resource.copy_setup_secondary: Creation complete after 0s [id=353013764103479439][0m
[0m[1mnull_resource.copy_setup_primary: Creation complete after 0s [id=3763969435306607424][0m
[0m[1mdocker_volume.mssql_server_backup: Creation complete after 0s [id=mssql-server-backup][0m
[0m[1mdocker_volume.mssql_server_shared: Creation complete after 0s [id=mssql-server-shared][0m
[0m[1mdocker_network.shared_net: Creation complete after 3s [id=e573a21e7a7ad878f2d7246ef1144c1f22d1c05e18412c225650a7659bc87478][0m
[0m[1mdocker_container.mssql_secondary: Creating...[0m[0m
[0m[1mdocker_container.mssql_primary: Creating...[0m[0m
[0m[1mdocker_container.mssql_primary: Creation complete after 4s [id=d0badb31eb963b0dd7e04e26216278bfcbed982e8e7b80cccc64260c004fe741][0m
[0m[1mnull_resource.setup_primary: Creating...[0m[0m
[0m[1mnull_resource.setup_primary: Provisioning with 'remote-exec'...[0m[0m
[0m[1mnull_resource.setup_primary (remote-exec):[0m [0mConnecting to remote host via SSH...
[0m[1mnull_resource.setup_primary (remote-exec):[0m [0m  Host: 192.168.1.179
[0m[1mnull_resource.setup_primary (remote-exec):[0m [0m  User: memo
[0m[1mnull_resource.setup_primary (remote-exec):[0m [0m  Password: false
[0m[1mnull_resource.setup_primary (remote-exec):[0m [0m  Private key: true
[0m[1mnull_resource.setup_primary (remote-exec):[0m [0m  Certificate: false
[0m[1mnull_resource.setup_primary (remote-exec):[0m [0m  SSH Agent: true
[0m[1mnull_resource.setup_primary (remote-exec):[0m [0m  Checking Host Key: false
[0m[1mnull_resource.setup_primary (remote-exec):[0m [0m  Target Platform: unix
[0m[1mdocker_container.mssql_secondary: Creation complete after 4s [id=bbc43701cb59e96be24913b5f7953eb2e3bc99d5eeeac14e18e5104135bddef4][0m
[0m[1mnull_resource.setup_secondary: Creating...[0m[0m
[0m[1mnull_resource.setup_secondary: Provisioning with 'remote-exec'...[0m[0m
[0m[1mnull_resource.setup_secondary (remote-exec):[0m [0mConnecting to remote host via SSH...
[0m[1mnull_resource.setup_secondary (remote-exec):[0m [0m  Host: 192.168.1.179
[0m[1mnull_resource.setup_secondary (remote-exec):[0m [0m  User: memo
[0m[1mnull_resource.setup_secondary (remote-exec):[0m [0m  Password: false
[0m[1mnull_resource.setup_secondary (remote-exec):[0m [0m  Private key: true
[0m[1mnull_resource.setup_secondary (remote-exec):[0m [0m  Certificate: false
[0m[1mnull_resource.setup_secondary (remote-exec):[0m [0m  SSH Agent: true
[0m[1mnull_resource.setup_secondary (remote-exec):[0m [0m  Checking Host Key: false
[0m[1mnull_resource.setup_secondary (remote-exec):[0m [0m  Target Platform: unix
[0m[1mnull_resource.setup_primary (remote-exec):[0m [0mConnected!
[0m[1mnull_resource.setup_secondary (remote-exec):[0m [0mConnected!

[0m[1mnull_resource.setup_secondary (remote-exec):[0m [0mWARNING: apt does not have a stable CLI interface. Use with caution in scripts.

[0m[1mnull_resource.setup_primary (remote-exec):[0m [0mWaiting for Primary SQL Server...
[0m[1mdocker_image.haproxy: Still creating... [00m10s elapsed][0m[0m
[0m[1mdocker_image.haproxy: Creation complete after 14s [id=sha256:04300dabcd29f776b3da5015e2bdaf40349488d967dad8b17a73c085c38a4585haproxy:latest][0m
[0m[1mdocker_container.haproxy: Creating...[0m[0m
[0m[1mnull_resource.setup_primary: Still creating... [00m10s elapsed][0m[0m
[0m[1mnull_resource.setup_secondary: Still creating... [00m10s elapsed][0m[0m
[0m[1mdocker_container.haproxy: Creation complete after 7s [id=c37fb1c7b09743ce346b1b0144d32e82d2177c9f6aaaaa36bdf230023c4fa41c][0m

[0m[1mnull_resource.setup_secondary (remote-exec):[0m [0mWARNING: apt does not have a stable CLI interface. Use with caution in scripts.

[0m[1mnull_resource.setup_secondary (remote-exec):[0m [0mReading package lists...

[0m[1mnull_resource.setup_secondary (remote-exec):[0m [0mBuilding dependency tree...
[0m[1mnull_resource.setup_primary: Still creating... [00m20s elapsed][0m[0m

[0m[1mnull_resource.setup_secondary (remote-exec):[0m [0mReading state information...
[0m[1mnull_resource.setup_secondary: Still creating... [00m20s elapsed][0m[0m
[0m[1mnull_resource.setup_secondary (remote-exec):[0m [0mThe following additional packages will be installed:
[0m[1mnull_resource.setup_secondary (remote-exec):[0m [0m  libcurl4 netcat-openbsd
[0m[1mnull_resource.setup_secondary (remote-exec):[0m [0mThe following NEW packages will be installed:
[0m[1mnull_resource.setup_secondary (remote-exec):[0m [0m  curl iputils-ping libcurl4 netcat netcat-openbsd
[0m[1mnull_resource.setup_secondary (remote-exec):[0m [0m0 upgraded, 5 newly installed, 0 to remove and 13 not upgraded.
[0m[1mnull_resource.setup_secondary (remote-exec):[0m [0mNeed to get 568 kB of archives.
[0m[1mnull_resource.setup_secondary (remote-exec):[0m [0mAfter this operation, 1503 kB of additional disk space will be used.
[0m[1mnull_resource.setup_secondary (remote-exec):[0m [0mGet:1 http://archive.ubuntu.com/ubuntu jammy/main amd64 iputils-ping amd64 3:20211215-1 [42.9 kB]
[0m[1mnull_resource.setup_secondary (remote-exec):[0m [0mGet:2 http://archive.ubuntu.com/ubuntu jammy/main amd64 netcat-openbsd amd64 1.218-4ubuntu1 [39.4 kB]
[0m[1mnull_resource.setup_secondary (remote-exec):[0m [0mGet:3 http://archive.ubuntu.com/ubuntu jammy-updates/main amd64 libcurl4 amd64 7.81.0-1ubuntu1.20 [289 kB]
[0m[1mnull_resource.setup_secondary (remote-exec):[0m [0mGet:4 http://archive.ubuntu.com/ubuntu jammy-updates/main amd64 curl amd64 7.81.0-1ubuntu1.20 [194 kB]
[0m[1mnull_resource.setup_secondary (remote-exec):[0m [0mGet:5 http://archive.ubuntu.com/ubuntu jammy/universe amd64 netcat all 1.218-4ubuntu1 [2044 B]
[0m[1mnull_resource.setup_secondary (remote-exec):[0m [0mdebconf: delaying package configuration, since apt-utils is not installed
[0m[1mnull_resource.setup_secondary (remote-exec):[0m [0mFetched 568 kB in 0s (1446 kB/s)
[0m[1mnull_resource.setup_secondary (remote-exec):[0m [0mSelecting previously unselected package iputils-ping.
[0m[1mnull_resource.setup_secondary (remote-exec):[0m [0m(Reading database ...
[0m[1mnull_resource.setup_secondary (remote-exec):[0m [0m(Reading database ... 5%
[0m[1mnull_resource.setup_secondary (remote-exec):[0m [0m(Reading database ... 10%
[0m[1mnull_resource.setup_secondary (remote-exec):[0m [0m(Reading database ... 15%
[0m[1mnull_resource.setup_secondary (remote-exec):[0m [0m(Reading database ... 20%
[0m[1mnull_resource.setup_secondary (remote-exec):[0m [0m(Reading database ... 25%
[0m[1mnull_resource.setup_secondary (remote-exec):[0m [0m(Reading database ... 30%
[0m[1mnull_resource.setup_secondary (remote-exec):[0m [0m(Reading database ... 35%
[0m[1mnull_resource.setup_secondary (remote-exec):[0m [0m(Reading database ... 40%
[0m[1mnull_resource.setup_secondary (remote-exec):[0m [0m(Reading database ... 45%
[0m[1mnull_resource.setup_secondary (remote-exec):[0m [0m(Reading database ... 50%
[0m[1mnull_resource.setup_secondary (remote-exec):[0m [0m(Reading database ... 55%
[0m[1mnull_resource.setup_secondary (remote-exec):[0m [0m(Reading database ... 60%
[0m[1mnull_resource.setup_secondary (remote-exec):[0m [0m(Reading database ... 65%
[0m[1mnull_resource.setup_secondary (remote-exec):[0m [0m(Reading database ... 70%
[0m[1mnull_resource.setup_secondary (remote-exec):[0m [0m(Reading database ... 75%
[0m[1mnull_resource.setup_secondary (remote-exec):[0m [0m(Reading database ... 80%
[0m[1mnull_resource.setup_secondary (remote-exec):[0m [0m(Reading database ... 85%
[0m[1mnull_resource.setup_secondary (remote-exec):[0m [0m(Reading database ... 90%
[0m[1mnull_resource.setup_secondary (remote-exec):[0m [0m(Reading database ... 95%
[0m[1mnull_resource.setup_secondary (remote-exec):[0m [0m(Reading database ... 100%
[0m[1mnull_resource.setup_secondary (remote-exec):[0m [0m(Reading database ... 9938 files and directories currently installed.)
[0m[1mnull_resource.setup_secondary (remote-exec):[0m [0mPreparing to unpack .../iputils-ping_3%3a20211215-1_amd64.deb ...
[0m[1mnull_resource.setup_secondary (remote-exec):[0m [0mUnpacking iputils-ping (3:20211215-1) ...
[0m[1mnull_resource.setup_secondary (remote-exec):[0m [0mSelecting previously unselected package netcat-openbsd.
[0m[1mnull_resource.setup_secondary (remote-exec):[0m [0mPreparing to unpack .../netcat-openbsd_1.218-4ubuntu1_amd64.deb ...
[0m[1mnull_resource.setup_secondary (remote-exec):[0m [0mUnpacking netcat-openbsd (1.218-4ubuntu1) ...
[0m[1mnull_resource.setup_secondary (remote-exec):[0m [0mSelecting previously unselected package libcurl4:amd64.
[0m[1mnull_resource.setup_secondary (remote-exec):[0m [0mPreparing to unpack .../libcurl4_7.81.0-1ubuntu1.20_amd64.deb ...
[0m[1mnull_resource.setup_secondary (remote-exec):[0m [0mUnpacking libcurl4:amd64 (7.81.0-1ubuntu1.20) ...
[0m[1mnull_resource.setup_secondary (remote-exec):[0m [0mSelecting previously unselected package curl.
[0m[1mnull_resource.setup_secondary (remote-exec):[0m [0mPreparing to unpack .../curl_7.81.0-1ubuntu1.20_amd64.deb ...
[0m[1mnull_resource.setup_secondary (remote-exec):[0m [0mUnpacking curl (7.81.0-1ubuntu1.20) ...
[0m[1mnull_resource.setup_secondary (remote-exec):[0m [0mSelecting previously unselected package netcat.
[0m[1mnull_resource.setup_secondary (remote-exec):[0m [0mPreparing to unpack .../netcat_1.218-4ubuntu1_all.deb ...
[0m[1mnull_resource.setup_secondary (remote-exec):[0m [0mUnpacking netcat (1.218-4ubuntu1) ...
[0m[1mnull_resource.setup_secondary (remote-exec):[0m [0mSetting up netcat-openbsd (1.218-4ubuntu1) ...
[0m[1mnull_resource.setup_secondary (remote-exec):[0m [0mupdate-alternatives: using /bin/nc.openbsd to provide /bin/nc (nc) in auto mode
[0m[1mnull_resource.setup_secondary (remote-exec):[0m [0mupdate-alternatives: warning: skip creation of /usr/share/man/man1/nc.1.gz because associated file /usr/share/man/man1/nc_openbsd.1.gz (of link group nc) doesn't exist
[0m[1mnull_resource.setup_secondary (remote-exec):[0m [0mupdate-alternatives: warning: skip creation of /usr/share/man/man1/netcat.1.gz because associated file /usr/share/man/man1/nc_openbsd.1.gz (of link group nc) doesn't exist
[0m[1mnull_resource.setup_secondary (remote-exec):[0m [0mSetting up netcat (1.218-4ubuntu1) ...
[0m[1mnull_resource.setup_secondary (remote-exec):[0m [0mSetting up libcurl4:amd64 (7.81.0-1ubuntu1.20) ...
[0m[1mnull_resource.setup_secondary (remote-exec):[0m [0mSetting up curl (7.81.0-1ubuntu1.20) ...
[0m[1mnull_resource.setup_secondary (remote-exec):[0m [0mSetting up iputils-ping (3:20211215-1) ...
[0m[1mnull_resource.setup_secondary (remote-exec):[0m [0mProcessing triggers for libc-bin (2.35-0ubuntu3.10) ...
[0m[1mnull_resource.setup_secondary (remote-exec):[0m [0m/sbin/ldconfig.real: /opt/mssql/lib/libc++.so.1 is not a symbolic link

[0m[1mnull_resource.setup_secondary (remote-exec):[0m [0m/sbin/ldconfig.real: /opt/mssql/lib/libc++abi.so.1 is not a symbolic link

[0m[1mnull_resource.setup_secondary (remote-exec):[0m [0mWaiting for SQL Primary Server...
[0m[1mnull_resource.setup_primary: Still creating... [00m30s elapsed][0m[0m
[0m[1mnull_resource.setup_secondary: Still creating... [00m30s elapsed][0m[0m
[0m[1mnull_resource.setup_primary: Still creating... [00m40s elapsed][0m[0m
[0m[1mnull_resource.setup_secondary: Still creating... [00m40s elapsed][0m[0m
[0m[1mnull_resource.setup_primary: Still creating... [00m50s elapsed][0m[0m
[0m[1mnull_resource.setup_secondary: Still creating... [00m50s elapsed][0m[0m
[0m[1mnull_resource.setup_primary: Still creating... [01m00s elapsed][0m[0m
[0m[1mnull_resource.setup_secondary: Still creating... [01m00s elapsed][0m[0m
[0m[1mnull_resource.setup_primary: Still creating... [01m10s elapsed][0m[0m
[0m[1mnull_resource.setup_secondary: Still creating... [01m10s elapsed][0m[0m
[0m[1mnull_resource.setup_primary: Still creating... [01m20s elapsed][0m[0m
[0m[1mnull_resource.setup_secondary: Still creating... [01m20s elapsed][0m[0m
[0m[1mnull_resource.setup_primary: Still creating... [01m30s elapsed][0m[0m
[0m[1mnull_resource.setup_secondary: Still creating... [01m30s elapsed][0m[0m
[0m[1mnull_resource.setup_primary (remote-exec):[0m [0mPrimary SQL Server is ready.
[0m[1mnull_resource.setup_primary (remote-exec):[0m [0mChanged database context to 'master'.
[0m[1mnull_resource.setup_primary: Still creating... [01m40s elapsed][0m[0m
[0m[1mnull_resource.setup_secondary: Still creating... [01m40s elapsed][0m[0m
[0m[1mnull_resource.setup_primary (remote-exec):[0m [0mChanged database context to 'master'.
[0m[1mnull_resource.setup_primary: Still creating... [01m50s elapsed][0m[0m
[0m[1mnull_resource.setup_secondary: Still creating... [01m50s elapsed][0m[0m
[0m[1mnull_resource.setup_primary: Still creating... [02m00s elapsed][0m[0m
[0m[1mnull_resource.setup_secondary: Still creating... [02m00s elapsed][0m[0m
[0m[1mnull_resource.setup_primary (remote-exec):[0m [0mMsg 1475, Level 16, State 105, Server mssql_primary, Line 35
[0m[1mnull_resource.setup_primary (remote-exec):[0m [0mDatabase "Sales" might contain bulk logged changes that have not been backed up. Take a log backup on the principal database or primary database. Then restore this backup either on the mirror database to enable database mirroring or on every secondary database to enable you to join it to the availability group.
[0m[1mnull_resource.setup_secondary (remote-exec):[0m [0mWaiting for SQL Slave Server...
[0m[1mnull_resource.setup_secondary (remote-exec):[0m [0mSlave SQL Server is ready.
[0m[1mnull_resource.setup_secondary: Creation complete after 2m4s [id=7562399955738947452][0m
[0m[1mnull_resource.setup_primary: Still creating... [02m10s elapsed][0m[0m
[0m[1mnull_resource.setup_primary (remote-exec):[0m [0mListening...
[0m[1mnull_resource.setup_primary (remote-exec):[0m [0mDone
[0m[1mnull_resource.setup_primary: Creation complete after 2m13s [id=3591418346073965122][0m
[0m[1m[32m
Apply complete! Resources: 12 added, 0 changed, 0 destroyed.
[0m[0m[1m[32m
Outputs:

[0mhaproxy_listener = "tcp://172.18.0.4:1433"
